
Microsoft Visual Studio Solution File, Format Version 12.00
# Visual Studio Version 17
VisualStudioVersion = 17.7.34031.279
MinimumVisualStudioVersion = 10.0.40219.1
Project("{FAE04EC0-301F-11D3-BF4B-00C04F79EFBC}") = "KojiTheLabDestroyer", "KojiTheLabDestroyer\KojiTheLabDestroyer.csproj", "{5B7ED4E6-9CA2-4426-8203-E1DB7CDF1289}"
EndProject
Global
	GlobalSection(SolutionConfigurationPlatforms) = preSolution
		Debug|Any CPU = Debug|Any CPU
		Release|Any CPU = Release|Any CPU
	EndGlobalSection
	GlobalSection(ProjectConfigurationPlatforms) = postSolution
		{5B7ED4E6-9CA2-4426-8203-E1DB7CDF1289}.Debug|Any CPU.ActiveCfg = Debug|Any CPU
		{5B7ED4E6-9CA2-4426-8203-E1DB7CDF1289}.Debug|Any CPU.Build.0 = Debug|Any CPU
		{5B7ED4E6-9CA2-4426-8203-E1DB7CDF1289}.Release|Any CPU.ActiveCfg = Release|Any CPU
		{5B7ED4E6-9CA2-4426-8203-E1DB7CDF1289}.Release|Any CPU.Build.0 = Release|Any CPU
	EndGlobalSection
	GlobalSection(SolutionProperties) = preSolution
		HideSolutionNode = FALSE
	EndGlobalSection
	GlobalSection(ExtensibilityGlobals) = postSolution
		SolutionGuid = {F6A81EAF-FF66-4DEF-9586-2FBDC8A41A7C}
	EndGlobalSection
EndGlobal
